
Microsoft Visual Studio Solution File, Format Version 12.00
# Visual Studio Version 17
VisualStudioVersion = 17.6.33723.286
MinimumVisualStudioVersion = 10.0.40219.1
Project("{FAE04EC0-301F-11D3-BF4B-00C04F79EFBC}") = "NetworkUdpClientApp", "NetworkUdpClientApp\NetworkUdpClientApp.csproj", "{4EBB0E41-124F-4592-89C7-DFAF93AD0C0F}"
EndProject
Project("{FAE04EC0-301F-11D3-BF4B-00C04F79EFBC}") = "NetworkUdpClentSenderApp", "NetworkUdpClentSenderApp\NetworkUdpClentSenderApp.csproj", "{468AA556-DE38-496E-BCD6-FBD14AE7EA14}"
EndProject
Global
	GlobalSection(SolutionConfigurationPlatforms) = preSolution
		Debug|Any CPU = Debug|Any CPU
		Release|Any CPU = Release|Any CPU
	EndGlobalSection
	GlobalSection(ProjectConfigurationPlatforms) = postSolution
		{4EBB0E41-124F-4592-89C7-DFAF93AD0C0F}.Debug|Any CPU.ActiveCfg = Debug|Any CPU
		{4EBB0E41-124F-4592-89C7-DFAF93AD0C0F}.Debug|Any CPU.Build.0 = Debug|Any CPU
		{4EBB0E41-124F-4592-89C7-DFAF93AD0C0F}.Release|Any CPU.ActiveCfg = Release|Any CPU
		{4EBB0E41-124F-4592-89C7-DFAF93AD0C0F}.Release|Any CPU.Build.0 = Release|Any CPU
		{468AA556-DE38-496E-BCD6-FBD14AE7EA14}.Debug|Any CPU.ActiveCfg = Debug|Any CPU
		{468AA556-DE38-496E-BCD6-FBD14AE7EA14}.Debug|Any CPU.Build.0 = Debug|Any CPU
		{468AA556-DE38-496E-BCD6-FBD14AE7EA14}.Release|Any CPU.ActiveCfg = Release|Any CPU
		{468AA556-DE38-496E-BCD6-FBD14AE7EA14}.Release|Any CPU.Build.0 = Release|Any CPU
	EndGlobalSection
	GlobalSection(SolutionProperties) = preSolution
		HideSolutionNode = FALSE
	EndGlobalSection
	GlobalSection(ExtensibilityGlobals) = postSolution
		SolutionGuid = {3CD486A9-C0D6-4665-8A07-326149F605CB}
	EndGlobalSection
EndGlobal
